github.com/gorilla/mux v1.8.0 h1:i40aqfkR1h2SlN9hojwV5ZA91wcXFOvkdNIeFDP5koI=
github.com/gorilla/mux v1.8.0/go.mod h1:DVbg23sWSpFRCP0SfiEN6jmj59UnW/n46BH5rLB71So=
github.com/jasonwvh/ocsp v0.0.0-20220713090735-68525630eba0 h1:p/waANU4nfiCed8TbKXcKLgVcMNsZp+drlbsfV6tJWw=
github.com/jasonwvh/ocsp v0.0.0-20220713090735-68525630eba0/go.mod h1:E2RnGRIo5bx8KUjG8eGavjJBRCECNcwoq85MBTwrVx8=
